
Microsoft Visual Studio Solution File, Format Version 12.00
# Visual Studio Version 17
VisualStudioVersion = 17.9.34622.214
MinimumVisualStudioVersion = 10.0.40219.1
Project("{FAE04EC0-301F-11D3-BF4B-00C04F79EFBC}") = "Lab1", "Lab1\Lab1.csproj", "{AC02D263-D8FC-4DCA-9352-8D6F35122DAB}"
EndProject
Global
	GlobalSection(SolutionConfigurationPlatforms) = preSolution
		Debug|Any CPU = Debug|Any CPU
		Release|Any CPU = Release|Any CPU
	EndGlobalSection
	GlobalSection(ProjectConfigurationPlatforms) = postSolution
		{AC02D263-D8FC-4DCA-9352-8D6F35122DAB}.Debug|Any CPU.ActiveCfg = Debug|Any CPU
		{AC02D263-D8FC-4DCA-9352-8D6F35122DAB}.Debug|Any CPU.Build.0 = Debug|Any CPU
		{AC02D263-D8FC-4DCA-9352-8D6F35122DAB}.Release|Any CPU.ActiveCfg = Release|Any CPU
		{AC02D263-D8FC-4DCA-9352-8D6F35122DAB}.Release|Any CPU.Build.0 = Release|Any CPU
	EndGlobalSection
	GlobalSection(SolutionProperties) = preSolution
		HideSolutionNode = FALSE
	EndGlobalSection
	GlobalSection(ExtensibilityGlobals) = postSolution
		SolutionGuid = {18D2BDF3-DFBB-4894-8076-BE3E848A8C55}
	EndGlobalSection
EndGlobal
